
Microsoft Visual Studio Solution File, Format Version 11.00
# Visual Studio 2010
Project("{FAE04EC0-301F-11D3-BF4B-00C04F79EFBC}") = "CLR_FOR_VEHICLE_UPDATE", "CLR_FOR_VEHICLE_UPDATE.csproj", "{3088DDA1-5124-495B-86FA-4C6A7AEA5736}"
EndProject
Global
	GlobalSection(SolutionConfigurationPlatforms) = preSolution
		Debug|Any CPU = Debug|Any CPU
		Release|Any CPU = Release|Any CPU
	EndGlobalSection
	GlobalSection(ProjectConfigurationPlatforms) = postSolution
		{3088DDA1-5124-495B-86FA-4C6A7AEA5736}.Debug|Any CPU.ActiveCfg = Debug|Any CPU
		{3088DDA1-5124-495B-86FA-4C6A7AEA5736}.Debug|Any CPU.Build.0 = Debug|Any CPU
		{3088DDA1-5124-495B-86FA-4C6A7AEA5736}.Debug|Any CPU.Deploy.0 = Debug|Any CPU
		{3088DDA1-5124-495B-86FA-4C6A7AEA5736}.Release|Any CPU.ActiveCfg = Release|Any CPU
		{3088DDA1-5124-495B-86FA-4C6A7AEA5736}.Release|Any CPU.Build.0 = Release|Any CPU
		{3088DDA1-5124-495B-86FA-4C6A7AEA5736}.Release|Any CPU.Deploy.0 = Release|Any CPU
	EndGlobalSection
	GlobalSection(SolutionProperties) = preSolution
		HideSolutionNode = FALSE
	EndGlobalSection
EndGlobal
